
Microsoft Visual Studio Solution File, Format Version 12.00
# Visual Studio Version 16
VisualStudioVersion = 16.0.30114.105
MinimumVisualStudioVersion = 10.0.40219.1
Project("{2150E333-8FDC-42A3-9474-1A3956D46DE8}") = "src", "src", "{29A2679D-7702-4C20-9E69-7A58031E8E33}"
EndProject
Project("{FAE04EC0-301F-11D3-BF4B-00C04F79EFBC}") = "Nova", "src\Core\Nova.csproj", "{5E052117-3F9B-4982-8184-54EBAE6807EA}"
EndProject
Project("{FAE04EC0-301F-11D3-BF4B-00C04F79EFBC}") = "Nova.EFCore", "src\EFCore\Nova.EFCore.csproj", "{55839149-8CD6-46B3-A879-6B49CD8D9568}"
EndProject
Project("{FAE04EC0-301F-11D3-BF4B-00C04F79EFBC}") = "Nova.WebAPI.Shared", "src\WebAPI.Shared\Nova.WebAPI.Shared.csproj", "{CA99BDB6-3E00-404B-8998-9B8E5EDCE570}"
EndProject
Project("{FAE04EC0-301F-11D3-BF4B-00C04F79EFBC}") = "Nova.WebAPI.Host", "src\WebAPI.Host\Nova.WebAPI.Host.csproj", "{866901AF-DA3C-4F36-BE5D-E5941D94ABD5}"
EndProject
Project("{FAE04EC0-301F-11D3-BF4B-00C04F79EFBC}") = "Nova.WebAPI.Client", "src\WebAPI.Client\Nova.WebAPI.Client.csproj", "{7A2AF309-53B8-46EA-8B35-8E9FAF161B72}"
EndProject
Project("{2150E333-8FDC-42A3-9474-1A3956D46DE8}") = "Identity", "Identity", "{130B51E0-47D3-4872-AE26-A6DED71FC67B}"
EndProject
Project("{FAE04EC0-301F-11D3-BF4B-00C04F79EFBC}") = "Nova.Identity", "src\Identity\Core\Nova.Identity.csproj", "{A27D9186-D797-47DA-B3A1-DDAA10DEFB12}"
EndProject
Project("{FAE04EC0-301F-11D3-BF4B-00C04F79EFBC}") = "Nova.Identity.EFCore", "src\Identity\EFCore\Nova.Identity.EFCore.csproj", "{94407112-3999-40D3-8019-EB66BABF8564}"
EndProject
Project("{FAE04EC0-301F-11D3-BF4B-00C04F79EFBC}") = "Nova.Identity.EFCore.Postgres", "src\Identity\EFCore.Postgres\Nova.Identity.EFCore.Postgres.csproj", "{0A874135-377F-4DB5-BB57-C5400E302024}"
EndProject
Project("{FAE04EC0-301F-11D3-BF4B-00C04F79EFBC}") = "Nova.Identity.WebAPI", "src\Identity\WebAPI\Nova.Identity.WebAPI.csproj", "{795C1B8D-9AA8-4311-A10B-84D8109E603C}"
EndProject
Project("{FAE04EC0-301F-11D3-BF4B-00C04F79EFBC}") = "Nova.Identity.WebAPI.Shared", "src\Identity\WebAPI.Shared\Nova.Identity.WebAPI.Shared.csproj", "{8A008D7E-3EBA-444D-AD37-699B828A80EF}"
EndProject
Project("{FAE04EC0-301F-11D3-BF4B-00C04F79EFBC}") = "Nova.Identity.WebAPI.Client", "src\Identity\WebAPI.Client\Nova.Identity.WebAPI.Client.csproj", "{DE3F8983-40C2-4488-B080-FC5A22336687}"
EndProject
Global
	GlobalSection(SolutionConfigurationPlatforms) = preSolution
		Debug|Any CPU = Debug|Any CPU
		Release|Any CPU = Release|Any CPU
	EndGlobalSection
	GlobalSection(SolutionProperties) = preSolution
		HideSolutionNode = FALSE
	EndGlobalSection
	GlobalSection(ProjectConfigurationPlatforms) = postSolution
		{5E052117-3F9B-4982-8184-54EBAE6807EA}.Debug|Any CPU.ActiveCfg = Debug|Any CPU
		{5E052117-3F9B-4982-8184-54EBAE6807EA}.Debug|Any CPU.Build.0 = Debug|Any CPU
		{5E052117-3F9B-4982-8184-54EBAE6807EA}.Release|Any CPU.ActiveCfg = Release|Any CPU
		{5E052117-3F9B-4982-8184-54EBAE6807EA}.Release|Any CPU.Build.0 = Release|Any CPU
		{55839149-8CD6-46B3-A879-6B49CD8D9568}.Debug|Any CPU.ActiveCfg = Debug|Any CPU
		{55839149-8CD6-46B3-A879-6B49CD8D9568}.Debug|Any CPU.Build.0 = Debug|Any CPU
		{55839149-8CD6-46B3-A879-6B49CD8D9568}.Release|Any CPU.ActiveCfg = Release|Any CPU
		{55839149-8CD6-46B3-A879-6B49CD8D9568}.Release|Any CPU.Build.0 = Release|Any CPU
		{CA99BDB6-3E00-404B-8998-9B8E5EDCE570}.Debug|Any CPU.ActiveCfg = Debug|Any CPU
		{CA99BDB6-3E00-404B-8998-9B8E5EDCE570}.Debug|Any CPU.Build.0 = Debug|Any CPU
		{CA99BDB6-3E00-404B-8998-9B8E5EDCE570}.Release|Any CPU.ActiveCfg = Release|Any CPU
		{CA99BDB6-3E00-404B-8998-9B8E5EDCE570}.Release|Any CPU.Build.0 = Release|Any CPU
		{866901AF-DA3C-4F36-BE5D-E5941D94ABD5}.Debug|Any CPU.ActiveCfg = Debug|Any CPU
		{866901AF-DA3C-4F36-BE5D-E5941D94ABD5}.Debug|Any CPU.Build.0 = Debug|Any CPU
		{866901AF-DA3C-4F36-BE5D-E5941D94ABD5}.Release|Any CPU.ActiveCfg = Release|Any CPU
		{866901AF-DA3C-4F36-BE5D-E5941D94ABD5}.Release|Any CPU.Build.0 = Release|Any CPU
		{7A2AF309-53B8-46EA-8B35-8E9FAF161B72}.Debug|Any CPU.ActiveCfg = Debug|Any CPU
		{7A2AF309-53B8-46EA-8B35-8E9FAF161B72}.Debug|Any CPU.Build.0 = Debug|Any CPU
		{7A2AF309-53B8-46EA-8B35-8E9FAF161B72}.Release|Any CPU.ActiveCfg = Release|Any CPU
		{7A2AF309-53B8-46EA-8B35-8E9FAF161B72}.Release|Any CPU.Build.0 = Release|Any CPU
		{A27D9186-D797-47DA-B3A1-DDAA10DEFB12}.Debug|Any CPU.ActiveCfg = Debug|Any CPU
		{A27D9186-D797-47DA-B3A1-DDAA10DEFB12}.Debug|Any CPU.Build.0 = Debug|Any CPU
		{A27D9186-D797-47DA-B3A1-DDAA10DEFB12}.Release|Any CPU.ActiveCfg = Release|Any CPU
		{A27D9186-D797-47DA-B3A1-DDAA10DEFB12}.Release|Any CPU.Build.0 = Release|Any CPU
		{94407112-3999-40D3-8019-EB66BABF8564}.Debug|Any CPU.ActiveCfg = Debug|Any CPU
		{94407112-3999-40D3-8019-EB66BABF8564}.Debug|Any CPU.Build.0 = Debug|Any CPU
		{94407112-3999-40D3-8019-EB66BABF8564}.Release|Any CPU.ActiveCfg = Release|Any CPU
		{94407112-3999-40D3-8019-EB66BABF8564}.Release|Any CPU.Build.0 = Release|Any CPU
		{0A874135-377F-4DB5-BB57-C5400E302024}.Debug|Any CPU.ActiveCfg = Debug|Any CPU
		{0A874135-377F-4DB5-BB57-C5400E302024}.Debug|Any CPU.Build.0 = Debug|Any CPU
		{0A874135-377F-4DB5-BB57-C5400E302024}.Release|Any CPU.ActiveCfg = Release|Any CPU
		{0A874135-377F-4DB5-BB57-C5400E302024}.Release|Any CPU.Build.0 = Release|Any CPU
		{795C1B8D-9AA8-4311-A10B-84D8109E603C}.Debug|Any CPU.ActiveCfg = Debug|Any CPU
		{795C1B8D-9AA8-4311-A10B-84D8109E603C}.Debug|Any CPU.Build.0 = Debug|Any CPU
		{795C1B8D-9AA8-4311-A10B-84D8109E603C}.Release|Any CPU.ActiveCfg = Release|Any CPU
		{795C1B8D-9AA8-4311-A10B-84D8109E603C}.Release|Any CPU.Build.0 = Release|Any CPU
		{8A008D7E-3EBA-444D-AD37-699B828A80EF}.Debug|Any CPU.ActiveCfg = Debug|Any CPU
		{8A008D7E-3EBA-444D-AD37-699B828A80EF}.Debug|Any CPU.Build.0 = Debug|Any CPU
		{8A008D7E-3EBA-444D-AD37-699B828A80EF}.Release|Any CPU.ActiveCfg = Release|Any CPU
		{8A008D7E-3EBA-444D-AD37-699B828A80EF}.Release|Any CPU.Build.0 = Release|Any CPU
		{DE3F8983-40C2-4488-B080-FC5A22336687}.Debug|Any CPU.ActiveCfg = Debug|Any CPU
		{DE3F8983-40C2-4488-B080-FC5A22336687}.Debug|Any CPU.Build.0 = Debug|Any CPU
		{DE3F8983-40C2-4488-B080-FC5A22336687}.Release|Any CPU.ActiveCfg = Release|Any CPU
		{DE3F8983-40C2-4488-B080-FC5A22336687}.Release|Any CPU.Build.0 = Release|Any CPU
	EndGlobalSection
	GlobalSection(NestedProjects) = preSolution
		{5E052117-3F9B-4982-8184-54EBAE6807EA} = {29A2679D-7702-4C20-9E69-7A58031E8E33}
		{55839149-8CD6-46B3-A879-6B49CD8D9568} = {29A2679D-7702-4C20-9E69-7A58031E8E33}
		{CA99BDB6-3E00-404B-8998-9B8E5EDCE570} = {29A2679D-7702-4C20-9E69-7A58031E8E33}
		{866901AF-DA3C-4F36-BE5D-E5941D94ABD5} = {29A2679D-7702-4C20-9E69-7A58031E8E33}
		{7A2AF309-53B8-46EA-8B35-8E9FAF161B72} = {29A2679D-7702-4C20-9E69-7A58031E8E33}
		{130B51E0-47D3-4872-AE26-A6DED71FC67B} = {29A2679D-7702-4C20-9E69-7A58031E8E33}
		{A27D9186-D797-47DA-B3A1-DDAA10DEFB12} = {130B51E0-47D3-4872-AE26-A6DED71FC67B}
		{94407112-3999-40D3-8019-EB66BABF8564} = {130B51E0-47D3-4872-AE26-A6DED71FC67B}
		{0A874135-377F-4DB5-BB57-C5400E302024} = {130B51E0-47D3-4872-AE26-A6DED71FC67B}
		{795C1B8D-9AA8-4311-A10B-84D8109E603C} = {130B51E0-47D3-4872-AE26-A6DED71FC67B}
		{8A008D7E-3EBA-444D-AD37-699B828A80EF} = {130B51E0-47D3-4872-AE26-A6DED71FC67B}
		{DE3F8983-40C2-4488-B080-FC5A22336687} = {130B51E0-47D3-4872-AE26-A6DED71FC67B}
	EndGlobalSection
EndGlobal
