
Microsoft Visual Studio Solution File, Format Version 12.00
# Visual Studio Version 16
VisualStudioVersion = 16.0.30114.105
MinimumVisualStudioVersion = 10.0.40219.1
Project("{2150E333-8FDC-42A3-9474-1A3956D46DE8}") = "src", "src", "{64CDB6BC-6181-4232-8D56-490BCAF22919}"
EndProject
Project("{FAE04EC0-301F-11D3-BF4B-00C04F79EFBC}") = "Nova", "src\Core\Nova.csproj", "{C0CF5383-C32C-4AC2-A886-3EA75ED31E5D}"
EndProject
Project("{FAE04EC0-301F-11D3-BF4B-00C04F79EFBC}") = "Nova.EFCore", "src\EFCore\Nova.EFCore.csproj", "{1D9CC645-31C7-4784-9B11-1ADFD3936488}"
EndProject
Project("{FAE04EC0-301F-11D3-BF4B-00C04F79EFBC}") = "Nova.Redis", "src\Redis\Nova.Redis.csproj", "{9F19A901-7D3F-4E3B-BD45-BB3D6FA4FB05}"
EndProject
Project("{FAE04EC0-301F-11D3-BF4B-00C04F79EFBC}") = "Nova.Shared", "src\Shared\Nova.Shared.csproj", "{91E650D3-FD7B-46A2-8F6C-6665B8BAA5D8}"
EndProject
Project("{FAE04EC0-301F-11D3-BF4B-00C04F79EFBC}") = "Nova.Web", "src\Web\Nova.Web.csproj", "{72B03747-B15B-410E-B117-ABFEEE725CAF}"
EndProject
Project("{2150E333-8FDC-42A3-9474-1A3956D46DE8}") = "Identity", "Identity", "{CBB9DC96-AA99-4F67-8DCB-3F9FDA056CD4}"
EndProject
Project("{FAE04EC0-301F-11D3-BF4B-00C04F79EFBC}") = "Nova.Identity", "src\Identity\Core\Nova.Identity.csproj", "{A02AF72E-A8CE-4D0A-AF9B-52834F100E76}"
EndProject
Project("{FAE04EC0-301F-11D3-BF4B-00C04F79EFBC}") = "Nova.Identity.EFCore", "src\Identity\EFCore\Nova.Identity.EFCore.csproj", "{8F51460D-5DDF-43BB-8767-A0E0E93F4634}"
EndProject
Project("{FAE04EC0-301F-11D3-BF4B-00C04F79EFBC}") = "Nova.Identity.EFCore.Postgres", "src\Identity\EFCore.Postgres\Nova.Identity.EFCore.Postgres.csproj", "{0DD113A8-2C3E-4CF1-8373-A77E74740F00}"
EndProject
Project("{FAE04EC0-301F-11D3-BF4B-00C04F79EFBC}") = "Nova.Identity.Redis", "src\Identity\Redis\Nova.Identity.Redis.csproj", "{05E28227-34BD-4679-A6FE-EE60D72D6E17}"
EndProject
Project("{FAE04EC0-301F-11D3-BF4B-00C04F79EFBC}") = "Nova.Identity.Shared", "src\Identity\Shared\Nova.Identity.Shared.csproj", "{616C0EE7-F095-4D1A-9D35-B25629313B32}"
EndProject
Project("{FAE04EC0-301F-11D3-BF4B-00C04F79EFBC}") = "Nova.Identity.WebAPI", "src\Identity\WebAPI\Nova.Identity.WebAPI.csproj", "{F591BAEB-32CD-46B0-91EC-2FB39DA2CC53}"
EndProject
Global
	GlobalSection(SolutionConfigurationPlatforms) = preSolution
		Debug|Any CPU = Debug|Any CPU
		Release|Any CPU = Release|Any CPU
	EndGlobalSection
	GlobalSection(SolutionProperties) = preSolution
		HideSolutionNode = FALSE
	EndGlobalSection
	GlobalSection(ProjectConfigurationPlatforms) = postSolution
		{C0CF5383-C32C-4AC2-A886-3EA75ED31E5D}.Debug|Any CPU.ActiveCfg = Debug|Any CPU
		{C0CF5383-C32C-4AC2-A886-3EA75ED31E5D}.Debug|Any CPU.Build.0 = Debug|Any CPU
		{C0CF5383-C32C-4AC2-A886-3EA75ED31E5D}.Release|Any CPU.ActiveCfg = Release|Any CPU
		{C0CF5383-C32C-4AC2-A886-3EA75ED31E5D}.Release|Any CPU.Build.0 = Release|Any CPU
		{1D9CC645-31C7-4784-9B11-1ADFD3936488}.Debug|Any CPU.ActiveCfg = Debug|Any CPU
		{1D9CC645-31C7-4784-9B11-1ADFD3936488}.Debug|Any CPU.Build.0 = Debug|Any CPU
		{1D9CC645-31C7-4784-9B11-1ADFD3936488}.Release|Any CPU.ActiveCfg = Release|Any CPU
		{1D9CC645-31C7-4784-9B11-1ADFD3936488}.Release|Any CPU.Build.0 = Release|Any CPU
		{9F19A901-7D3F-4E3B-BD45-BB3D6FA4FB05}.Debug|Any CPU.ActiveCfg = Debug|Any CPU
		{9F19A901-7D3F-4E3B-BD45-BB3D6FA4FB05}.Debug|Any CPU.Build.0 = Debug|Any CPU
		{9F19A901-7D3F-4E3B-BD45-BB3D6FA4FB05}.Release|Any CPU.ActiveCfg = Release|Any CPU
		{9F19A901-7D3F-4E3B-BD45-BB3D6FA4FB05}.Release|Any CPU.Build.0 = Release|Any CPU
		{91E650D3-FD7B-46A2-8F6C-6665B8BAA5D8}.Debug|Any CPU.ActiveCfg = Debug|Any CPU
		{91E650D3-FD7B-46A2-8F6C-6665B8BAA5D8}.Debug|Any CPU.Build.0 = Debug|Any CPU
		{91E650D3-FD7B-46A2-8F6C-6665B8BAA5D8}.Release|Any CPU.ActiveCfg = Release|Any CPU
		{91E650D3-FD7B-46A2-8F6C-6665B8BAA5D8}.Release|Any CPU.Build.0 = Release|Any CPU
		{72B03747-B15B-410E-B117-ABFEEE725CAF}.Debug|Any CPU.ActiveCfg = Debug|Any CPU
		{72B03747-B15B-410E-B117-ABFEEE725CAF}.Debug|Any CPU.Build.0 = Debug|Any CPU
		{72B03747-B15B-410E-B117-ABFEEE725CAF}.Release|Any CPU.ActiveCfg = Release|Any CPU
		{72B03747-B15B-410E-B117-ABFEEE725CAF}.Release|Any CPU.Build.0 = Release|Any CPU
		{A02AF72E-A8CE-4D0A-AF9B-52834F100E76}.Debug|Any CPU.ActiveCfg = Debug|Any CPU
		{A02AF72E-A8CE-4D0A-AF9B-52834F100E76}.Debug|Any CPU.Build.0 = Debug|Any CPU
		{A02AF72E-A8CE-4D0A-AF9B-52834F100E76}.Release|Any CPU.ActiveCfg = Release|Any CPU
		{A02AF72E-A8CE-4D0A-AF9B-52834F100E76}.Release|Any CPU.Build.0 = Release|Any CPU
		{8F51460D-5DDF-43BB-8767-A0E0E93F4634}.Debug|Any CPU.ActiveCfg = Debug|Any CPU
		{8F51460D-5DDF-43BB-8767-A0E0E93F4634}.Debug|Any CPU.Build.0 = Debug|Any CPU
		{8F51460D-5DDF-43BB-8767-A0E0E93F4634}.Release|Any CPU.ActiveCfg = Release|Any CPU
		{8F51460D-5DDF-43BB-8767-A0E0E93F4634}.Release|Any CPU.Build.0 = Release|Any CPU
		{0DD113A8-2C3E-4CF1-8373-A77E74740F00}.Debug|Any CPU.ActiveCfg = Debug|Any CPU
		{0DD113A8-2C3E-4CF1-8373-A77E74740F00}.Debug|Any CPU.Build.0 = Debug|Any CPU
		{0DD113A8-2C3E-4CF1-8373-A77E74740F00}.Release|Any CPU.ActiveCfg = Release|Any CPU
		{0DD113A8-2C3E-4CF1-8373-A77E74740F00}.Release|Any CPU.Build.0 = Release|Any CPU
		{05E28227-34BD-4679-A6FE-EE60D72D6E17}.Debug|Any CPU.ActiveCfg = Debug|Any CPU
		{05E28227-34BD-4679-A6FE-EE60D72D6E17}.Debug|Any CPU.Build.0 = Debug|Any CPU
		{05E28227-34BD-4679-A6FE-EE60D72D6E17}.Release|Any CPU.ActiveCfg = Release|Any CPU
		{05E28227-34BD-4679-A6FE-EE60D72D6E17}.Release|Any CPU.Build.0 = Release|Any CPU
		{616C0EE7-F095-4D1A-9D35-B25629313B32}.Debug|Any CPU.ActiveCfg = Debug|Any CPU
		{616C0EE7-F095-4D1A-9D35-B25629313B32}.Debug|Any CPU.Build.0 = Debug|Any CPU
		{616C0EE7-F095-4D1A-9D35-B25629313B32}.Release|Any CPU.ActiveCfg = Release|Any CPU
		{616C0EE7-F095-4D1A-9D35-B25629313B32}.Release|Any CPU.Build.0 = Release|Any CPU
		{F591BAEB-32CD-46B0-91EC-2FB39DA2CC53}.Debug|Any CPU.ActiveCfg = Debug|Any CPU
		{F591BAEB-32CD-46B0-91EC-2FB39DA2CC53}.Debug|Any CPU.Build.0 = Debug|Any CPU
		{F591BAEB-32CD-46B0-91EC-2FB39DA2CC53}.Release|Any CPU.ActiveCfg = Release|Any CPU
		{F591BAEB-32CD-46B0-91EC-2FB39DA2CC53}.Release|Any CPU.Build.0 = Release|Any CPU
	EndGlobalSection
	GlobalSection(NestedProjects) = preSolution
		{C0CF5383-C32C-4AC2-A886-3EA75ED31E5D} = {64CDB6BC-6181-4232-8D56-490BCAF22919}
		{1D9CC645-31C7-4784-9B11-1ADFD3936488} = {64CDB6BC-6181-4232-8D56-490BCAF22919}
		{9F19A901-7D3F-4E3B-BD45-BB3D6FA4FB05} = {64CDB6BC-6181-4232-8D56-490BCAF22919}
		{91E650D3-FD7B-46A2-8F6C-6665B8BAA5D8} = {64CDB6BC-6181-4232-8D56-490BCAF22919}
		{72B03747-B15B-410E-B117-ABFEEE725CAF} = {64CDB6BC-6181-4232-8D56-490BCAF22919}
		{CBB9DC96-AA99-4F67-8DCB-3F9FDA056CD4} = {64CDB6BC-6181-4232-8D56-490BCAF22919}
		{A02AF72E-A8CE-4D0A-AF9B-52834F100E76} = {CBB9DC96-AA99-4F67-8DCB-3F9FDA056CD4}
		{8F51460D-5DDF-43BB-8767-A0E0E93F4634} = {CBB9DC96-AA99-4F67-8DCB-3F9FDA056CD4}
		{0DD113A8-2C3E-4CF1-8373-A77E74740F00} = {CBB9DC96-AA99-4F67-8DCB-3F9FDA056CD4}
		{05E28227-34BD-4679-A6FE-EE60D72D6E17} = {CBB9DC96-AA99-4F67-8DCB-3F9FDA056CD4}
		{616C0EE7-F095-4D1A-9D35-B25629313B32} = {CBB9DC96-AA99-4F67-8DCB-3F9FDA056CD4}
		{F591BAEB-32CD-46B0-91EC-2FB39DA2CC53} = {CBB9DC96-AA99-4F67-8DCB-3F9FDA056CD4}
	EndGlobalSection
EndGlobal
