
Microsoft Visual Studio Solution File, Format Version 12.00
# Visual Studio Version 16
VisualStudioVersion = 16.0.30114.105
MinimumVisualStudioVersion = 10.0.40219.1
Project("{2150E333-8FDC-42A3-9474-1A3956D46DE8}") = "src", "src", "{868CE6A8-E9C6-43FA-87D6-9ABDF640B0B1}"
EndProject
Project("{FAE04EC0-301F-11D3-BF4B-00C04F79EFBC}") = "Nova", "src\Core\Nova.csproj", "{FF845184-BDF2-425C-ACFB-05DDC083D3B0}"
EndProject
Project("{2150E333-8FDC-42A3-9474-1A3956D46DE8}") = "Identity", "Identity", "{A5DE5038-B209-4EAC-BCCF-99BF890ED1F3}"
EndProject
Project("{FAE04EC0-301F-11D3-BF4B-00C04F79EFBC}") = "Nova.Identity", "src\Identity\Core\Nova.Identity.csproj", "{2CA2E8FA-94B8-4720-9799-4E427B17BFA4}"
EndProject
Project("{FAE04EC0-301F-11D3-BF4B-00C04F79EFBC}") = "Nova.Identity.EFCore", "src\Identity\EFCore\Nova.Identity.EFCore.csproj", "{03820846-3698-4A41-ADE7-B5C996F53D6A}"
EndProject
Project("{FAE04EC0-301F-11D3-BF4B-00C04F79EFBC}") = "Nova.EFCore", "src\EFCore\Nova.EFCore.csproj", "{BE72EC99-70C2-46DF-B4D6-97C16F2EDDED}"
EndProject
Project("{FAE04EC0-301F-11D3-BF4B-00C04F79EFBC}") = "Nova.Identity.Messaging.Server", "src\Identity\Messaging.Server\Nova.Identity.Messaging.Server.csproj", "{71F01CC4-A76B-4719-9462-247CFB323E43}"
EndProject
Project("{FAE04EC0-301F-11D3-BF4B-00C04F79EFBC}") = "Nova.Identity.Messaging.Publisher", "src\Identity\Messaging.Publisher\Nova.Identity.Messaging.Publisher.csproj", "{819119A6-6E94-4749-8F9A-9196A5BDAC90}"
EndProject
Project("{FAE04EC0-301F-11D3-BF4B-00C04F79EFBC}") = "Nova.Identity.Messaging.Consumer", "src\Identity\Messaging.Consumer\Nova.Identity.Messaging.Consumer.csproj", "{911F751A-88D6-46EB-86C8-7D0FFD3CCEE7}"
EndProject
Project("{FAE04EC0-301F-11D3-BF4B-00C04F79EFBC}") = "Nova.Redis", "src\Redis\Nova.Redis.csproj", "{9B0B92A0-C11A-4869-91AC-3A26F8D66755}"
EndProject
Project("{FAE04EC0-301F-11D3-BF4B-00C04F79EFBC}") = "Nova.Identity.Redis", "src\Identity\Redis\Nova.Identity.Redis.csproj", "{D517424D-983E-4E9E-A613-CDFA54DF34DD}"
EndProject
Project("{FAE04EC0-301F-11D3-BF4B-00C04F79EFBC}") = "Nova.Messaging.Publisher", "src\Messaging.Publisher\Nova.Messaging.Publisher.csproj", "{01B04B2C-A739-47CC-9367-9EBB656D280B}"
EndProject
Project("{FAE04EC0-301F-11D3-BF4B-00C04F79EFBC}") = "Nova.WebAPI", "src\WebAPI\Nova.WebAPI.csproj", "{9B378E08-44DA-4843-8D13-E4A30865973F}"
EndProject
Project("{FAE04EC0-301F-11D3-BF4B-00C04F79EFBC}") = "Nova.WebAPI.Server", "src\WebAPI.Server\Nova.WebAPI.Server.csproj", "{2F6DAB50-2D61-42FB-A60D-E54E9DB573F9}"
EndProject
Project("{FAE04EC0-301F-11D3-BF4B-00C04F79EFBC}") = "Nova.Identity.WebAPI", "src\Identity\WebAPI\Nova.Identity.WebAPI.csproj", "{F6F906E8-8D27-43D1-8264-6CB8ADC80086}"
EndProject
Project("{FAE04EC0-301F-11D3-BF4B-00C04F79EFBC}") = "Nova.Identity.WebAPI.Server", "src\Identity\WebAPI.Server\Nova.Identity.WebAPI.Server.csproj", "{9D6462E8-0A17-4FE0-9933-634CDD18B90E}"
EndProject
Project("{FAE04EC0-301F-11D3-BF4B-00C04F79EFBC}") = "Nova.Mailing", "src\Mailing\Nova.Mailing.csproj", "{8E6A7803-0449-4A79-BDCF-67BF3D49D8AA}"
EndProject
Project("{FAE04EC0-301F-11D3-BF4B-00C04F79EFBC}") = "Nova.Identity.Mailing", "src\Identity\Mailing\Nova.Identity.Mailing.csproj", "{F630949F-29EC-402F-9C19-A687CC174FF7}"
EndProject
Project("{FAE04EC0-301F-11D3-BF4B-00C04F79EFBC}") = "Nova.Identity.Messaging.Host", "src\Identity\Messaging.Host\Nova.Identity.Messaging.Host.csproj", "{79DE4831-FBB5-427A-958A-7319D5A1A267}"
EndProject
Project("{FAE04EC0-301F-11D3-BF4B-00C04F79EFBC}") = "Nova.Identity.WebAPI.Host", "src\Identity\WebAPI.Host\Nova.Identity.WebAPI.Host.csproj", "{6A18BC91-F191-474B-889D-06817E0C62DB}"
EndProject
Global
	GlobalSection(SolutionConfigurationPlatforms) = preSolution
		Debug|Any CPU = Debug|Any CPU
		Release|Any CPU = Release|Any CPU
	EndGlobalSection
	GlobalSection(SolutionProperties) = preSolution
		HideSolutionNode = FALSE
	EndGlobalSection
	GlobalSection(ProjectConfigurationPlatforms) = postSolution
		{FF845184-BDF2-425C-ACFB-05DDC083D3B0}.Debug|Any CPU.ActiveCfg = Debug|Any CPU
		{FF845184-BDF2-425C-ACFB-05DDC083D3B0}.Debug|Any CPU.Build.0 = Debug|Any CPU
		{FF845184-BDF2-425C-ACFB-05DDC083D3B0}.Release|Any CPU.ActiveCfg = Release|Any CPU
		{FF845184-BDF2-425C-ACFB-05DDC083D3B0}.Release|Any CPU.Build.0 = Release|Any CPU
		{2CA2E8FA-94B8-4720-9799-4E427B17BFA4}.Debug|Any CPU.ActiveCfg = Debug|Any CPU
		{2CA2E8FA-94B8-4720-9799-4E427B17BFA4}.Debug|Any CPU.Build.0 = Debug|Any CPU
		{2CA2E8FA-94B8-4720-9799-4E427B17BFA4}.Release|Any CPU.ActiveCfg = Release|Any CPU
		{2CA2E8FA-94B8-4720-9799-4E427B17BFA4}.Release|Any CPU.Build.0 = Release|Any CPU
		{03820846-3698-4A41-ADE7-B5C996F53D6A}.Debug|Any CPU.ActiveCfg = Debug|Any CPU
		{03820846-3698-4A41-ADE7-B5C996F53D6A}.Debug|Any CPU.Build.0 = Debug|Any CPU
		{03820846-3698-4A41-ADE7-B5C996F53D6A}.Release|Any CPU.ActiveCfg = Release|Any CPU
		{03820846-3698-4A41-ADE7-B5C996F53D6A}.Release|Any CPU.Build.0 = Release|Any CPU
		{BE72EC99-70C2-46DF-B4D6-97C16F2EDDED}.Debug|Any CPU.ActiveCfg = Debug|Any CPU
		{BE72EC99-70C2-46DF-B4D6-97C16F2EDDED}.Debug|Any CPU.Build.0 = Debug|Any CPU
		{BE72EC99-70C2-46DF-B4D6-97C16F2EDDED}.Release|Any CPU.ActiveCfg = Release|Any CPU
		{BE72EC99-70C2-46DF-B4D6-97C16F2EDDED}.Release|Any CPU.Build.0 = Release|Any CPU
		{71F01CC4-A76B-4719-9462-247CFB323E43}.Debug|Any CPU.ActiveCfg = Debug|Any CPU
		{71F01CC4-A76B-4719-9462-247CFB323E43}.Debug|Any CPU.Build.0 = Debug|Any CPU
		{71F01CC4-A76B-4719-9462-247CFB323E43}.Release|Any CPU.ActiveCfg = Release|Any CPU
		{71F01CC4-A76B-4719-9462-247CFB323E43}.Release|Any CPU.Build.0 = Release|Any CPU
		{819119A6-6E94-4749-8F9A-9196A5BDAC90}.Debug|Any CPU.ActiveCfg = Debug|Any CPU
		{819119A6-6E94-4749-8F9A-9196A5BDAC90}.Debug|Any CPU.Build.0 = Debug|Any CPU
		{819119A6-6E94-4749-8F9A-9196A5BDAC90}.Release|Any CPU.ActiveCfg = Release|Any CPU
		{819119A6-6E94-4749-8F9A-9196A5BDAC90}.Release|Any CPU.Build.0 = Release|Any CPU
		{911F751A-88D6-46EB-86C8-7D0FFD3CCEE7}.Debug|Any CPU.ActiveCfg = Debug|Any CPU
		{911F751A-88D6-46EB-86C8-7D0FFD3CCEE7}.Debug|Any CPU.Build.0 = Debug|Any CPU
		{911F751A-88D6-46EB-86C8-7D0FFD3CCEE7}.Release|Any CPU.ActiveCfg = Release|Any CPU
		{911F751A-88D6-46EB-86C8-7D0FFD3CCEE7}.Release|Any CPU.Build.0 = Release|Any CPU
		{9B0B92A0-C11A-4869-91AC-3A26F8D66755}.Debug|Any CPU.ActiveCfg = Debug|Any CPU
		{9B0B92A0-C11A-4869-91AC-3A26F8D66755}.Debug|Any CPU.Build.0 = Debug|Any CPU
		{9B0B92A0-C11A-4869-91AC-3A26F8D66755}.Release|Any CPU.ActiveCfg = Release|Any CPU
		{9B0B92A0-C11A-4869-91AC-3A26F8D66755}.Release|Any CPU.Build.0 = Release|Any CPU
		{D517424D-983E-4E9E-A613-CDFA54DF34DD}.Debug|Any CPU.ActiveCfg = Debug|Any CPU
		{D517424D-983E-4E9E-A613-CDFA54DF34DD}.Debug|Any CPU.Build.0 = Debug|Any CPU
		{D517424D-983E-4E9E-A613-CDFA54DF34DD}.Release|Any CPU.ActiveCfg = Release|Any CPU
		{D517424D-983E-4E9E-A613-CDFA54DF34DD}.Release|Any CPU.Build.0 = Release|Any CPU
		{01B04B2C-A739-47CC-9367-9EBB656D280B}.Debug|Any CPU.ActiveCfg = Debug|Any CPU
		{01B04B2C-A739-47CC-9367-9EBB656D280B}.Debug|Any CPU.Build.0 = Debug|Any CPU
		{01B04B2C-A739-47CC-9367-9EBB656D280B}.Release|Any CPU.ActiveCfg = Release|Any CPU
		{01B04B2C-A739-47CC-9367-9EBB656D280B}.Release|Any CPU.Build.0 = Release|Any CPU
		{9B378E08-44DA-4843-8D13-E4A30865973F}.Debug|Any CPU.ActiveCfg = Debug|Any CPU
		{9B378E08-44DA-4843-8D13-E4A30865973F}.Debug|Any CPU.Build.0 = Debug|Any CPU
		{9B378E08-44DA-4843-8D13-E4A30865973F}.Release|Any CPU.ActiveCfg = Release|Any CPU
		{9B378E08-44DA-4843-8D13-E4A30865973F}.Release|Any CPU.Build.0 = Release|Any CPU
		{2F6DAB50-2D61-42FB-A60D-E54E9DB573F9}.Debug|Any CPU.ActiveCfg = Debug|Any CPU
		{2F6DAB50-2D61-42FB-A60D-E54E9DB573F9}.Debug|Any CPU.Build.0 = Debug|Any CPU
		{2F6DAB50-2D61-42FB-A60D-E54E9DB573F9}.Release|Any CPU.ActiveCfg = Release|Any CPU
		{2F6DAB50-2D61-42FB-A60D-E54E9DB573F9}.Release|Any CPU.Build.0 = Release|Any CPU
		{F6F906E8-8D27-43D1-8264-6CB8ADC80086}.Debug|Any CPU.ActiveCfg = Debug|Any CPU
		{F6F906E8-8D27-43D1-8264-6CB8ADC80086}.Debug|Any CPU.Build.0 = Debug|Any CPU
		{F6F906E8-8D27-43D1-8264-6CB8ADC80086}.Release|Any CPU.ActiveCfg = Release|Any CPU
		{F6F906E8-8D27-43D1-8264-6CB8ADC80086}.Release|Any CPU.Build.0 = Release|Any CPU
		{9D6462E8-0A17-4FE0-9933-634CDD18B90E}.Debug|Any CPU.ActiveCfg = Debug|Any CPU
		{9D6462E8-0A17-4FE0-9933-634CDD18B90E}.Debug|Any CPU.Build.0 = Debug|Any CPU
		{9D6462E8-0A17-4FE0-9933-634CDD18B90E}.Release|Any CPU.ActiveCfg = Release|Any CPU
		{9D6462E8-0A17-4FE0-9933-634CDD18B90E}.Release|Any CPU.Build.0 = Release|Any CPU
		{8E6A7803-0449-4A79-BDCF-67BF3D49D8AA}.Debug|Any CPU.ActiveCfg = Debug|Any CPU
		{8E6A7803-0449-4A79-BDCF-67BF3D49D8AA}.Debug|Any CPU.Build.0 = Debug|Any CPU
		{8E6A7803-0449-4A79-BDCF-67BF3D49D8AA}.Release|Any CPU.ActiveCfg = Release|Any CPU
		{8E6A7803-0449-4A79-BDCF-67BF3D49D8AA}.Release|Any CPU.Build.0 = Release|Any CPU
		{F630949F-29EC-402F-9C19-A687CC174FF7}.Debug|Any CPU.ActiveCfg = Debug|Any CPU
		{F630949F-29EC-402F-9C19-A687CC174FF7}.Debug|Any CPU.Build.0 = Debug|Any CPU
		{F630949F-29EC-402F-9C19-A687CC174FF7}.Release|Any CPU.ActiveCfg = Release|Any CPU
		{F630949F-29EC-402F-9C19-A687CC174FF7}.Release|Any CPU.Build.0 = Release|Any CPU
		{79DE4831-FBB5-427A-958A-7319D5A1A267}.Debug|Any CPU.ActiveCfg = Debug|Any CPU
		{79DE4831-FBB5-427A-958A-7319D5A1A267}.Debug|Any CPU.Build.0 = Debug|Any CPU
		{79DE4831-FBB5-427A-958A-7319D5A1A267}.Release|Any CPU.ActiveCfg = Release|Any CPU
		{79DE4831-FBB5-427A-958A-7319D5A1A267}.Release|Any CPU.Build.0 = Release|Any CPU
		{6A18BC91-F191-474B-889D-06817E0C62DB}.Debug|Any CPU.ActiveCfg = Debug|Any CPU
		{6A18BC91-F191-474B-889D-06817E0C62DB}.Debug|Any CPU.Build.0 = Debug|Any CPU
		{6A18BC91-F191-474B-889D-06817E0C62DB}.Release|Any CPU.ActiveCfg = Release|Any CPU
		{6A18BC91-F191-474B-889D-06817E0C62DB}.Release|Any CPU.Build.0 = Release|Any CPU
	EndGlobalSection
	GlobalSection(NestedProjects) = preSolution
		{FF845184-BDF2-425C-ACFB-05DDC083D3B0} = {868CE6A8-E9C6-43FA-87D6-9ABDF640B0B1}
		{A5DE5038-B209-4EAC-BCCF-99BF890ED1F3} = {868CE6A8-E9C6-43FA-87D6-9ABDF640B0B1}
		{2CA2E8FA-94B8-4720-9799-4E427B17BFA4} = {A5DE5038-B209-4EAC-BCCF-99BF890ED1F3}
		{03820846-3698-4A41-ADE7-B5C996F53D6A} = {A5DE5038-B209-4EAC-BCCF-99BF890ED1F3}
		{BE72EC99-70C2-46DF-B4D6-97C16F2EDDED} = {868CE6A8-E9C6-43FA-87D6-9ABDF640B0B1}
		{71F01CC4-A76B-4719-9462-247CFB323E43} = {A5DE5038-B209-4EAC-BCCF-99BF890ED1F3}
		{819119A6-6E94-4749-8F9A-9196A5BDAC90} = {A5DE5038-B209-4EAC-BCCF-99BF890ED1F3}
		{911F751A-88D6-46EB-86C8-7D0FFD3CCEE7} = {A5DE5038-B209-4EAC-BCCF-99BF890ED1F3}
		{9B0B92A0-C11A-4869-91AC-3A26F8D66755} = {868CE6A8-E9C6-43FA-87D6-9ABDF640B0B1}
		{D517424D-983E-4E9E-A613-CDFA54DF34DD} = {A5DE5038-B209-4EAC-BCCF-99BF890ED1F3}
		{01B04B2C-A739-47CC-9367-9EBB656D280B} = {868CE6A8-E9C6-43FA-87D6-9ABDF640B0B1}
		{9B378E08-44DA-4843-8D13-E4A30865973F} = {868CE6A8-E9C6-43FA-87D6-9ABDF640B0B1}
		{2F6DAB50-2D61-42FB-A60D-E54E9DB573F9} = {868CE6A8-E9C6-43FA-87D6-9ABDF640B0B1}
		{F6F906E8-8D27-43D1-8264-6CB8ADC80086} = {A5DE5038-B209-4EAC-BCCF-99BF890ED1F3}
		{9D6462E8-0A17-4FE0-9933-634CDD18B90E} = {A5DE5038-B209-4EAC-BCCF-99BF890ED1F3}
		{8E6A7803-0449-4A79-BDCF-67BF3D49D8AA} = {868CE6A8-E9C6-43FA-87D6-9ABDF640B0B1}
		{F630949F-29EC-402F-9C19-A687CC174FF7} = {A5DE5038-B209-4EAC-BCCF-99BF890ED1F3}
		{79DE4831-FBB5-427A-958A-7319D5A1A267} = {A5DE5038-B209-4EAC-BCCF-99BF890ED1F3}
		{6A18BC91-F191-474B-889D-06817E0C62DB} = {A5DE5038-B209-4EAC-BCCF-99BF890ED1F3}
	EndGlobalSection
EndGlobal
