
Microsoft Visual Studio Solution File, Format Version 12.00
# Visual Studio Version 16
VisualStudioVersion = 16.0.30114.105
MinimumVisualStudioVersion = 10.0.40219.1
Project("{2150E333-8FDC-42A3-9474-1A3956D46DE8}") = "src", "src", "{B67EB93F-7192-43B9-A81D-E8FF8E64AF51}"
EndProject
Project("{FAE04EC0-301F-11D3-BF4B-00C04F79EFBC}") = "Nova", "src\Core\Nova.csproj", "{99597302-B506-42A2-8E53-A53B588AEAFD}"
EndProject
Project("{2150E333-8FDC-42A3-9474-1A3956D46DE8}") = "HRIS", "HRIS", "{DF988072-6414-4DC3-B2FA-1580A57D60A1}"
EndProject
Project("{FAE04EC0-301F-11D3-BF4B-00C04F79EFBC}") = "Nova.HRIS", "src\HRIS\Core\Nova.HRIS.csproj", "{9E753883-5EE5-4E9F-92A4-706728EBA819}"
EndProject
Project("{FAE04EC0-301F-11D3-BF4B-00C04F79EFBC}") = "Nova.EFCore", "src\EFCore\Nova.EFCore.csproj", "{D482DD57-D83F-465D-A443-7FD1127B92FD}"
EndProject
Project("{FAE04EC0-301F-11D3-BF4B-00C04F79EFBC}") = "Nova.HRIS.EFCore", "src\HRIS\EFCore\Nova.HRIS.EFCore.csproj", "{FBC5B2C9-66D6-40A7-9E3B-7C4423BB7506}"
EndProject
Global
	GlobalSection(SolutionConfigurationPlatforms) = preSolution
		Debug|Any CPU = Debug|Any CPU
		Release|Any CPU = Release|Any CPU
	EndGlobalSection
	GlobalSection(SolutionProperties) = preSolution
		HideSolutionNode = FALSE
	EndGlobalSection
	GlobalSection(ProjectConfigurationPlatforms) = postSolution
		{99597302-B506-42A2-8E53-A53B588AEAFD}.Debug|Any CPU.ActiveCfg = Debug|Any CPU
		{99597302-B506-42A2-8E53-A53B588AEAFD}.Debug|Any CPU.Build.0 = Debug|Any CPU
		{99597302-B506-42A2-8E53-A53B588AEAFD}.Release|Any CPU.ActiveCfg = Release|Any CPU
		{99597302-B506-42A2-8E53-A53B588AEAFD}.Release|Any CPU.Build.0 = Release|Any CPU
		{9E753883-5EE5-4E9F-92A4-706728EBA819}.Debug|Any CPU.ActiveCfg = Debug|Any CPU
		{9E753883-5EE5-4E9F-92A4-706728EBA819}.Debug|Any CPU.Build.0 = Debug|Any CPU
		{9E753883-5EE5-4E9F-92A4-706728EBA819}.Release|Any CPU.ActiveCfg = Release|Any CPU
		{9E753883-5EE5-4E9F-92A4-706728EBA819}.Release|Any CPU.Build.0 = Release|Any CPU
		{D482DD57-D83F-465D-A443-7FD1127B92FD}.Debug|Any CPU.ActiveCfg = Debug|Any CPU
		{D482DD57-D83F-465D-A443-7FD1127B92FD}.Debug|Any CPU.Build.0 = Debug|Any CPU
		{D482DD57-D83F-465D-A443-7FD1127B92FD}.Release|Any CPU.ActiveCfg = Release|Any CPU
		{D482DD57-D83F-465D-A443-7FD1127B92FD}.Release|Any CPU.Build.0 = Release|Any CPU
		{FBC5B2C9-66D6-40A7-9E3B-7C4423BB7506}.Debug|Any CPU.ActiveCfg = Debug|Any CPU
		{FBC5B2C9-66D6-40A7-9E3B-7C4423BB7506}.Debug|Any CPU.Build.0 = Debug|Any CPU
		{FBC5B2C9-66D6-40A7-9E3B-7C4423BB7506}.Release|Any CPU.ActiveCfg = Release|Any CPU
		{FBC5B2C9-66D6-40A7-9E3B-7C4423BB7506}.Release|Any CPU.Build.0 = Release|Any CPU
	EndGlobalSection
	GlobalSection(NestedProjects) = preSolution
		{99597302-B506-42A2-8E53-A53B588AEAFD} = {B67EB93F-7192-43B9-A81D-E8FF8E64AF51}
		{DF988072-6414-4DC3-B2FA-1580A57D60A1} = {B67EB93F-7192-43B9-A81D-E8FF8E64AF51}
		{9E753883-5EE5-4E9F-92A4-706728EBA819} = {DF988072-6414-4DC3-B2FA-1580A57D60A1}
		{D482DD57-D83F-465D-A443-7FD1127B92FD} = {B67EB93F-7192-43B9-A81D-E8FF8E64AF51}
		{FBC5B2C9-66D6-40A7-9E3B-7C4423BB7506} = {DF988072-6414-4DC3-B2FA-1580A57D60A1}
	EndGlobalSection
EndGlobal
